{
  "name": "node-app",
  "version": "1.0.0",
  "lockfileVersion": 1,
  "requires": true,
  "dependencies": {
    "lion-lib-mtg": {
      "version": "1.0.0",
      "resolved": "https://registry.npmjs.org/lion-lib-mtg/-/lion-lib-mtg-1.0.0.tgz",
      "integrity": "sha512-UzYZ+FW+RXQoTFV2JgfZAmOJobgq+zHmV1oB5bzc9b6OtmcgM3lGoYq18h5s6ZUV85N9pdRHl4wKb6UjrIkfzg=="
    }
  }
}
